
Microsoft Visual Studio Solution File, Format Version 12.00
# Visual Studio Version 16
VisualStudioVersion = 16.0.810.19
MinimumVisualStudioVersion = 10.0.40219.1
Project("{FAE04EC0-301F-11D3-BF4B-00C04F79EFBC}") = "rs-lead-sharing-subscriber-example", "rs-lead-sharing-subscriber-example.csproj", "{9FE3452B-8A95-496A-AF13-CFF2EFB9D48B}"
EndProject
Global
	GlobalSection(SolutionConfigurationPlatforms) = preSolution
		Debug|Any CPU = Debug|Any CPU
		Release|Any CPU = Release|Any CPU
	EndGlobalSection
	GlobalSection(ProjectConfigurationPlatforms) = postSolution
		{9FE3452B-8A95-496A-AF13-CFF2EFB9D48B}.Debug|Any CPU.ActiveCfg = Debug|Any CPU
		{9FE3452B-8A95-496A-AF13-CFF2EFB9D48B}.Debug|Any CPU.Build.0 = Debug|Any CPU
		{9FE3452B-8A95-496A-AF13-CFF2EFB9D48B}.Release|Any CPU.ActiveCfg = Release|Any CPU
		{9FE3452B-8A95-496A-AF13-CFF2EFB9D48B}.Release|Any CPU.Build.0 = Release|Any CPU
	EndGlobalSection
	GlobalSection(SolutionProperties) = preSolution
		HideSolutionNode = FALSE
	EndGlobalSection
	GlobalSection(ExtensibilityGlobals) = postSolution
		SolutionGuid = {7AB13841-88AB-4171-ADC3-B1820AE2671D}
	EndGlobalSection
EndGlobal
